
Microsoft Visual Studio Solution File, Format Version 12.00
# Visual Studio 15
Project("{FAE04EC0-301F-11D3-BF4B-00C04F79EFBC}") = "Assembly-CSharp-firstpass", "Assembly-CSharp-firstpass.csproj", "{14029BF0-2376-658C-B533-FB75F52B6979}"
EndProject
Project("{FAE04EC0-301F-11D3-BF4B-00C04F79EFBC}") = "Assembly-CSharp", "Assembly-CSharp.csproj", "{46BD11DC-BC9C-50ED-B08E-CB39678C0124}"
EndProject
Project("{FAE04EC0-301F-11D3-BF4B-00C04F79EFBC}") = "Assembly-CSharp-Editor", "Assembly-CSharp-Editor.csproj", "{A2C5733D-B73E-C130-3E3C-ED69107C8C19}"
EndProject
Global
	GlobalSection(SolutionConfigurationPlatforms) = preSolution
		Debug|Any CPU = Debug|Any CPU
		Release|Any CPU = Release|Any CPU
	EndGlobalSection
	GlobalSection(ProjectConfigurationPlatforms) = postSolution
		{14029BF0-2376-658C-B533-FB75F52B6979}.Debug|Any CPU.ActiveCfg = Debug|Any CPU
		{14029BF0-2376-658C-B533-FB75F52B6979}.Debug|Any CPU.Build.0 = Debug|Any CPU
		{14029BF0-2376-658C-B533-FB75F52B6979}.Release|Any CPU.ActiveCfg = Release|Any CPU
		{14029BF0-2376-658C-B533-FB75F52B6979}.Release|Any CPU.Build.0 = Release|Any CPU
		{46BD11DC-BC9C-50ED-B08E-CB39678C0124}.Debug|Any CPU.ActiveCfg = Debug|Any CPU
		{46BD11DC-BC9C-50ED-B08E-CB39678C0124}.Debug|Any CPU.Build.0 = Debug|Any CPU
		{46BD11DC-BC9C-50ED-B08E-CB39678C0124}.Release|Any CPU.ActiveCfg = Release|Any CPU
		{46BD11DC-BC9C-50ED-B08E-CB39678C0124}.Release|Any CPU.Build.0 = Release|Any CPU
		{A2C5733D-B73E-C130-3E3C-ED69107C8C19}.Debug|Any CPU.ActiveCfg = Debug|Any CPU
		{A2C5733D-B73E-C130-3E3C-ED69107C8C19}.Debug|Any CPU.Build.0 = Debug|Any CPU
		{A2C5733D-B73E-C130-3E3C-ED69107C8C19}.Release|Any CPU.ActiveCfg = Release|Any CPU
		{A2C5733D-B73E-C130-3E3C-ED69107C8C19}.Release|Any CPU.Build.0 = Release|Any CPU
	EndGlobalSection
	GlobalSection(SolutionProperties) = preSolution
		HideSolutionNode = FALSE
	EndGlobalSection
EndGlobal
